// !$*UTF8*$!
{
	archiveVersion = 1;
	classes = {
	};
	objectVersion = 46;
	objects = {

/* Begin PBXBuildFile section */
		EB81E09A197DEF9700AFFB4B /* FLTRTabsViewController.m in Sources */ = {isa = PBXBuildFile; fileRef = EB81E099197DEF9700AFFB4B /* FLTRTabsViewController.m */; };
		EB81E09D197DEFED00AFFB4B /* FLTRTabCell.m in Sources */ = {isa = PBXBuildFile; fileRef = EB81E09C197DEFED00AFFB4B /* FLTRTabCell.m */; };
		EB81E0A0197DF53F00AFFB4B /* FLTRTabsCollection.m in Sources */ = {isa = PBXBuildFile; fileRef = EB81E09F197DF53F00AFFB4B /* FLTRTabsCollection.m */; };
		EB81E0A3197DF56600AFFB4B /* FLTRTab.m in Sources */ = {isa = PBXBuildFile; fileRef = EB81E0A2197DF56600AFFB4B /* FLTRTab.m */; };
		EB81E0A6197F58FD00AFFB4B /* newtab.html in Resources */ = {isa = PBXBuildFile; fileRef = EB81E0A5197F58FD00AFFB4B /* newtab.html */; };
		EBC4E719191F25D40043E95D /* Foundation.framework in Frameworks */ = {isa = PBXBuildFile; fileRef = EBC4E718191F25D40043E95D /* Foundation.framework */; };
		EBC4E71B191F25D40043E95D /* CoreGraphics.framework in Frameworks */ = {isa = PBXBuildFile; fileRef = EBC4E71A191F25D40043E95D /* CoreGraphics.framework */; };
		EBC4E71D191F25D40043E95D /* UIKit.framework in Frameworks */ = {isa = PBXBuildFile; fileRef = EBC4E71C191F25D40043E95D /* UIKit.framework */; };
		EBC4E723191F25D40043E95D /* InfoPlist.strings in Resources */ = {isa = PBXBuildFile; fileRef = EBC4E721191F25D40043E95D /* InfoPlist.strings */; };
		EBC4E725191F25D40043E95D /* main.m in Sources */ = {isa = PBXBuildFile; fileRef = EBC4E724191F25D40043E95D /* main.m */; };
		EBC4E729191F25D40043E95D /* FLTRAppDelegate.m in Sources */ = {isa = PBXBuildFile; fileRef = EBC4E728191F25D40043E95D /* FLTRAppDelegate.m */; };
		EBC4E72B191F25D40043E95D /* Images.xcassets in Resources */ = {isa = PBXBuildFile; fileRef = EBC4E72A191F25D40043E95D /* Images.xcassets */; };
		EBC4E732191F25D50043E95D /* XCTest.framework in Frameworks */ = {isa = PBXBuildFile; fileRef = EBC4E731191F25D50043E95D /* XCTest.framework */; };
		EBC4E733191F25D50043E95D /* Foundation.framework in Frameworks */ = {isa = PBXBuildFile; fileRef = EBC4E718191F25D40043E95D /* Foundation.framework */; };
		EBC4E734191F25D50043E95D /* UIKit.framework in Frameworks */ = {isa = PBXBuildFile; fileRef = EBC4E71C191F25D40043E95D /* UIKit.framework */; };
		EBC4E73C191F25D50043E95D /* InfoPlist.strings in Resources */ = {isa = PBXBuildFile; fileRef = EBC4E73A191F25D50043E95D /* InfoPlist.strings */; };
		EBC4E73E191F25D50043E95D /* FiltraTests.m in Sources */ = {isa = PBXBuildFile; fileRef = EBC4E73D191F25D50043E95D /* FiltraTests.m */; };
		EBC4E751191F26620043E95D /* back.png in Resources */ = {isa = PBXBuildFile; fileRef = EBC4E749191F26620043E95D /* back.png */; };
		EBC4E752191F26620043E95D /* back@2x.png in Resources */ = {isa = PBXBuildFile; fileRef = EBC4E74A191F26620043E95D /* back@2x.png */; };
		EBC4E753191F26620043E95D /* cancel.png in Resources */ = {isa = PBXBuildFile; fileRef = EBC4E74B191F26620043E95D /* cancel.png */; };
		EBC4E754191F26620043E95D /* cancel@2x.png in Resources */ = {isa = PBXBuildFile; fileRef = EBC4E74C191F26620043E95D /* cancel@2x.png */; };
		EBC4E755191F26620043E95D /* forward.png in Resources */ = {isa = PBXBuildFile; fileRef = EBC4E74D191F26620043E95D /* forward.png */; };
		EBC4E756191F26620043E95D /* forward@2x.png in Resources */ = {isa = PBXBuildFile; fileRef = EBC4E74E191F26620043E95D /* forward@2x.png */; };
		EBC4E757191F26620043E95D /* reload.png in Resources */ = {isa = PBXBuildFile; fileRef = EBC4E74F191F26620043E95D /* reload.png */; };
		EBC4E758191F26620043E95D /* reload@2x.png in Resources */ = {isa = PBXBuildFile; fileRef = EBC4E750191F26620043E95D /* reload@2x.png */; };
		EBC4E75E191F26C00043E95D /* FLTRRequestListener.m in Sources */ = {isa = PBXBuildFile; fileRef = EBC4E75D191F26C00043E95D /* FLTRRequestListener.m */; };
		EBC4E760191F26DC0043E95D /* Main.storyboard in Resources */ = {isa = PBXBuildFile; fileRef = EBC4E75F191F26DC0043E95D /* Main.storyboard */; };
		EBC4E763191F26FB0043E95D /* FLTRViewController.m in Sources */ = {isa = PBXBuildFile; fileRef = EBC4E762191F26FB0043E95D /* FLTRViewController.m */; };
/* End PBXBuildFile section */

/* Begin PBXContainerItemProxy section */
		EBC4E735191F25D50043E95D /* PBXContainerItemProxy */ = {
			isa = PBXContainerItemProxy;
			containerPortal = EBC4E70D191F25D40043E95D /* Project object */;
			proxyType = 1;
			remoteGlobalIDString = EBC4E714191F25D40043E95D;
			remoteInfo = Filtra;
		};
/* End PBXContainerItemProxy section */

/* Begin PBXFileReference section */
		EB81E098197DEF9700AFFB4B /* FLTRTabsViewController.h */ = {isa = PBXFileReference; fileEncoding = 4; lastKnownFileType = sourcecode.c.h; path = FLTRTabsViewController.h; sourceTree = "<group>"; };
		EB81E099197DEF9700AFFB4B /* FLTRTabsViewController.m */ = {isa = PBXFileReference; fileEncoding = 4; lastKnownFileType = sourcecode.c.objc; path = FLTRTabsViewController.m; sourceTree = "<group>"; };
		EB81E09B197DEFED00AFFB4B /* FLTRTabCell.h */ = {isa = PBXFileReference; fileEncoding = 4; lastKnownFileType = sourcecode.c.h; path = FLTRTabCell.h; sourceTree = "<group>"; };
		EB81E09C197DEFED00AFFB4B /* FLTRTabCell.m */ = {isa = PBXFileReference; fileEncoding = 4; lastKnownFileType = sourcecode.c.objc; path = FLTRTabCell.m; sourceTree = "<group>"; };
		EB81E09E197DF53F00AFFB4B /* FLTRTabsCollection.h */ = {isa = PBXFileReference; fileEncoding = 4; lastKnownFileType = sourcecode.c.h; name = FLTRTabsCollection.h; path = ../FLTRTabsCollection.h; sourceTree = "<group>"; };
		EB81E09F197DF53F00AFFB4B /* FLTRTabsCollection.m */ = {isa = PBXFileReference; fileEncoding = 4; lastKnownFileType = sourcecode.c.objc; name = FLTRTabsCollection.m; path = ../FLTRTabsCollection.m; sourceTree = "<group>"; };
		EB81E0A1197DF56600AFFB4B /* FLTRTab.h */ = {isa = PBXFileReference; fileEncoding = 4; lastKnownFileType = sourcecode.c.h; path = FLTRTab.h; sourceTree = "<group>"; };
		EB81E0A2197DF56600AFFB4B /* FLTRTab.m */ = {isa = PBXFileReference; fileEncoding = 4; lastKnownFileType = sourcecode.c.objc; path = FLTRTab.m; sourceTree = "<group>"; };
		EB81E0A5197F58FD00AFFB4B /* newtab.html */ = {isa = PBXFileReference; fileEncoding = 4; lastKnownFileType = text.html; path = newtab.html; sourceTree = "<group>"; };
		EBC4E715191F25D40043E95D /* Filtra.app */ = {isa = PBXFileReference; explicitFileType = wrapper.application; includeInIndex = 0; path = Filtra.app; sourceTree = BUILT_PRODUCTS_DIR; };
		EBC4E718191F25D40043E95D /* Foundation.framework */ = {isa = PBXFileReference; lastKnownFileType = wrapper.framework; name = Foundation.framework; path = System/Library/Frameworks/Foundation.framework; sourceTree = SDKROOT; };
		EBC4E71A191F25D40043E95D /* CoreGraphics.framework */ = {isa = PBXFileReference; lastKnownFileType = wrapper.framework; name = CoreGraphics.framework; path = System/Library/Frameworks/CoreGraphics.framework; sourceTree = SDKROOT; };
		EBC4E71C191F25D40043E95D /* UIKit.framework */ = {isa = PBXFileReference; lastKnownFileType = wrapper.framework; name = UIKit.framework; path = System/Library/Frameworks/UIKit.framework; sourceTree = SDKROOT; };
		EBC4E720191F25D40043E95D /* Filtra-Info.plist */ = {isa = PBXFileReference; lastKnownFileType = text.plist.xml; path = "Filtra-Info.plist"; sourceTree = "<group>"; };
		EBC4E722191F25D40043E95D /* en */ = {isa = PBXFileReference; lastKnownFileType = text.plist.strings; name = en; path = en.lproj/InfoPlist.strings; sourceTree = "<group>"; };
		EBC4E724191F25D40043E95D /* main.m */ = {isa = PBXFileReference; lastKnownFileType = sourcecode.c.objc; path = main.m; sourceTree = "<group>"; };
		EBC4E726191F25D40043E95D /* Filtra-Prefix.pch */ = {isa = PBXFileReference; lastKnownFileType = sourcecode.c.h; path = "Filtra-Prefix.pch"; sourceTree = "<group>"; };
		EBC4E727191F25D40043E95D /* FLTRAppDelegate.h */ = {isa = PBXFileReference; lastKnownFileType = sourcecode.c.h; path = FLTRAppDelegate.h; sourceTree = "<group>"; };
		EBC4E728191F25D40043E95D /* FLTRAppDelegate.m */ = {isa = PBXFileReference; lastKnownFileType = sourcecode.c.objc; path = FLTRAppDelegate.m; sourceTree = "<group>"; };
		EBC4E72A191F25D40043E95D /* Images.xcassets */ = {isa = PBXFileReference; lastKnownFileType = folder.assetcatalog; path = Images.xcassets; sourceTree = "<group>"; };
		EBC4E730191F25D50043E95D /* FiltraTests.xctest */ = {isa = PBXFileReference; explicitFileType = wrapper.cfbundle; includeInIndex = 0; path = FiltraTests.xctest; sourceTree = BUILT_PRODUCTS_DIR; };
		EBC4E731191F25D50043E95D /* XCTest.framework */ = {isa = PBXFileReference; lastKnownFileType = wrapper.framework; name = XCTest.framework; path = Library/Frameworks/XCTest.framework; sourceTree = DEVELOPER_DIR; };
		EBC4E739191F25D50043E95D /* FiltraTests-Info.plist */ = {isa = PBXFileReference; lastKnownFileType = text.plist.xml; path = "FiltraTests-Info.plist"; sourceTree = "<group>"; };
		EBC4E73B191F25D50043E95D /* en */ = {isa = PBXFileReference; lastKnownFileType = text.plist.strings; name = en; path = en.lproj/InfoPlist.strings; sourceTree = "<group>"; };
		EBC4E73D191F25D50043E95D /* FiltraTests.m */ = {isa = PBXFileReference; lastKnownFileType = sourcecode.c.objc; path = FiltraTests.m; sourceTree = "<group>"; };
		EBC4E749191F26620043E95D /* back.png */ = {isa = PBXFileReference; lastKnownFileType = image.png; path = back.png; sourceTree = "<group>"; };
		EBC4E74A191F26620043E95D /* back@2x.png */ = {isa = PBXFileReference; lastKnownFileType = image.png; path = "back@2x.png"; sourceTree = "<group>"; };
		EBC4E74B191F26620043E95D /* cancel.png */ = {isa = PBXFileReference; lastKnownFileType = image.png; path = cancel.png; sourceTree = "<group>"; };
		EBC4E74C191F26620043E95D /* cancel@2x.png */ = {isa = PBXFileReference; lastKnownFileType = image.png; path = "cancel@2x.png"; sourceTree = "<group>"; };
		EBC4E74D191F26620043E95D /* forward.png */ = {isa = PBXFileReference; lastKnownFileType = image.png; path = forward.png; sourceTree = "<group>"; };
		EBC4E74E191F26620043E95D /* forward@2x.png */ = {isa = PBXFileReference; lastKnownFileType = image.png; path = "forward@2x.png"; sourceTree = "<group>"; };
		EBC4E74F191F26620043E95D /* reload.png */ = {isa = PBXFileReference; lastKnownFileType = image.png; path = reload.png; sourceTree = "<group>"; };
		EBC4E750191F26620043E95D /* reload@2x.png */ = {isa = PBXFileReference; lastKnownFileType = image.png; path = "reload@2x.png"; sourceTree = "<group>"; };
		EBC4E75C191F26C00043E95D /* FLTRRequestListener.h */ = {isa = PBXFileReference; fileEncoding = 4; lastKnownFileType = sourcecode.c.h; name = FLTRRequestListener.h; path = ../FLTRRequestListener.h; sourceTree = "<group>"; };
		EBC4E75D191F26C00043E95D /* FLTRRequestListener.m */ = {isa = PBXFileReference; fileEncoding = 4; lastKnownFileType = sourcecode.c.objc; name = FLTRRequestListener.m; path = ../FLTRRequestListener.m; sourceTree = "<group>"; };
		EBC4E75F191F26DC0043E95D /* Main.storyboard */ = {isa = PBXFileReference; fileEncoding = 4; lastKnownFileType = file.storyboard; name = Main.storyboard; path = Filtra/Main.storyboard; sourceTree = "<group>"; };
		EBC4E761191F26FB0043E95D /* FLTRViewController.h */ = {isa = PBXFileReference; fileEncoding = 4; lastKnownFileType = sourcecode.c.h; path = FLTRViewController.h; sourceTree = "<group>"; };
		EBC4E762191F26FB0043E95D /* FLTRViewController.m */ = {isa = PBXFileReference; fileEncoding = 4; lastKnownFileType = sourcecode.c.objc; path = FLTRViewController.m; sourceTree = "<group>"; };
/* End PBXFileReference section */

/* Begin PBXFrameworksBuildPhase section */
		EBC4E712191F25D40043E95D /* Frameworks */ = {
			isa = PBXFrameworksBuildPhase;
			buildActionMask = 2147483647;
			files = (
				EBC4E71B191F25D40043E95D /* CoreGraphics.framework in Frameworks */,
				EBC4E71D191F25D40043E95D /* UIKit.framework in Frameworks */,
				EBC4E719191F25D40043E95D /* Foundation.framework in Frameworks */,
			);
			runOnlyForDeploymentPostprocessing = 0;
		};
		EBC4E72D191F25D50043E95D /* Frameworks */ = {
			isa = PBXFrameworksBuildPhase;
			buildActionMask = 2147483647;
			files = (
				EBC4E732191F25D50043E95D /* XCTest.framework in Frameworks */,
				EBC4E734191F25D50043E95D /* UIKit.framework in Frameworks */,
				EBC4E733191F25D50043E95D /* Foundation.framework in Frameworks */,
			);
			runOnlyForDeploymentPostprocessing = 0;
		};
/* End PBXFrameworksBuildPhase section */

/* Begin PBXGroup section */
		EB81E0A4197F58B300AFFB4B /* html */ = {
			isa = PBXGroup;
			children = (
				EB81E0A5197F58FD00AFFB4B /* newtab.html */,
			);
			name = html;
			sourceTree = "<group>";
		};
		EBC4E70C191F25D40043E95D = {
			isa = PBXGroup;
			children = (
				EBC4E75F191F26DC0043E95D /* Main.storyboard */,
				EBC4E747191F26550043E95D /* Resources */,
				EBC4E71E191F25D40043E95D /* Filtra */,
				EBC4E737191F25D50043E95D /* FiltraTests */,
				EBC4E717191F25D40043E95D /* Frameworks */,
				EBC4E716191F25D40043E95D /* Products */,
			);
			sourceTree = "<group>";
		};
		EBC4E716191F25D40043E95D /* Products */ = {
			isa = PBXGroup;
			children = (
				EBC4E715191F25D40043E95D /* Filtra.app */,
				EBC4E730191F25D50043E95D /* FiltraTests.xctest */,
			);
			name = Products;
			sourceTree = "<group>";
		};
		EBC4E717191F25D40043E95D /* Frameworks */ = {
			isa = PBXGroup;
			children = (
				EBC4E718191F25D40043E95D /* Foundation.framework */,
				EBC4E71A191F25D40043E95D /* CoreGraphics.framework */,
				EBC4E71C191F25D40043E95D /* UIKit.framework */,
				EBC4E731191F25D50043E95D /* XCTest.framework */,
			);
			name = Frameworks;
			sourceTree = "<group>";
		};
		EBC4E71E191F25D40043E95D /* Filtra */ = {
			isa = PBXGroup;
			children = (
				EB81E0A4197F58B300AFFB4B /* html */,
				EBC4E75C191F26C00043E95D /* FLTRRequestListener.h */,
				EBC4E75D191F26C00043E95D /* FLTRRequestListener.m */,
				EBC4E761191F26FB0043E95D /* FLTRViewController.h */,
				EBC4E762191F26FB0043E95D /* FLTRViewController.m */,
				EBC4E727191F25D40043E95D /* FLTRAppDelegate.h */,
				EBC4E728191F25D40043E95D /* FLTRAppDelegate.m */,
				EBC4E72A191F25D40043E95D /* Images.xcassets */,
				EBC4E71F191F25D40043E95D /* Supporting Files */,
				EB81E098197DEF9700AFFB4B /* FLTRTabsViewController.h */,
				EB81E099197DEF9700AFFB4B /* FLTRTabsViewController.m */,
				EB81E09B197DEFED00AFFB4B /* FLTRTabCell.h */,
				EB81E09C197DEFED00AFFB4B /* FLTRTabCell.m */,
				EB81E09E197DF53F00AFFB4B /* FLTRTabsCollection.h */,
				EB81E09F197DF53F00AFFB4B /* FLTRTabsCollection.m */,
				EB81E0A1197DF56600AFFB4B /* FLTRTab.h */,
				EB81E0A2197DF56600AFFB4B /* FLTRTab.m */,
			);
			path = Filtra;
			sourceTree = "<group>";
		};
		EBC4E71F191F25D40043E95D /* Supporting Files */ = {
			isa = PBXGroup;
			children = (
				EBC4E720191F25D40043E95D /* Filtra-Info.plist */,
				EBC4E721191F25D40043E95D /* InfoPlist.strings */,
				EBC4E724191F25D40043E95D /* main.m */,
				EBC4E726191F25D40043E95D /* Filtra-Prefix.pch */,
			);
			name = "Supporting Files";
			sourceTree = "<group>";
		};
		EBC4E737191F25D50043E95D /* FiltraTests */ = {
			isa = PBXGroup;
			children = (
				EBC4E73D191F25D50043E95D /* FiltraTests.m */,
				EBC4E738191F25D50043E95D /* Supporting Files */,
			);
			path = FiltraTests;
			sourceTree = "<group>";
		};
		EBC4E738191F25D50043E95D /* Supporting Files */ = {
			isa = PBXGroup;
			children = (
				EBC4E739191F25D50043E95D /* FiltraTests-Info.plist */,
				EBC4E73A191F25D50043E95D /* InfoPlist.strings */,
			);
			name = "Supporting Files";
			sourceTree = "<group>";
		};
		EBC4E747191F26550043E95D /* Resources */ = {
			isa = PBXGroup;
			children = (
				EBC4E748191F265A0043E95D /* Images */,
			);
			name = Resources;
			sourceTree = "<group>";
		};
		EBC4E748191F265A0043E95D /* Images */ = {
			isa = PBXGroup;
			children = (
				EBC4E749191F26620043E95D /* back.png */,
				EBC4E74A191F26620043E95D /* back@2x.png */,
				EBC4E74B191F26620043E95D /* cancel.png */,
				EBC4E74C191F26620043E95D /* cancel@2x.png */,
				EBC4E74D191F26620043E95D /* forward.png */,
				EBC4E74E191F26620043E95D /* forward@2x.png */,
				EBC4E74F191F26620043E95D /* reload.png */,
				EBC4E750191F26620043E95D /* reload@2x.png */,
			);
			name = Images;
			sourceTree = "<group>";
		};
/* End PBXGroup section */

/* Begin PBXNativeTarget section */
		EBC4E714191F25D40043E95D /* Filtra */ = {
			isa = PBXNativeTarget;
			buildConfigurationList = EBC4E741191F25D50043E95D /* Build configuration list for PBXNativeTarget "Filtra" */;
			buildPhases = (
				EBC4E711191F25D40043E95D /* Sources */,
				EBC4E712191F25D40043E95D /* Frameworks */,
				EBC4E713191F25D40043E95D /* Resources */,
			);
			buildRules = (
			);
			dependencies = (
			);
			name = Filtra;
			productName = Filtra;
			productReference = EBC4E715191F25D40043E95D /* Filtra.app */;
			productType = "com.apple.product-type.application";
		};
		EBC4E72F191F25D50043E95D /* FiltraTests */ = {
			isa = PBXNativeTarget;
			buildConfigurationList = EBC4E744191F25D50043E95D /* Build configuration list for PBXNativeTarget "FiltraTests" */;
			buildPhases = (
				EBC4E72C191F25D50043E95D /* Sources */,
				EBC4E72D191F25D50043E95D /* Frameworks */,
				EBC4E72E191F25D50043E95D /* Resources */,
			);
			buildRules = (
			);
			dependencies = (
				EBC4E736191F25D50043E95D /* PBXTargetDependency */,
			);
			name = FiltraTests;
			productName = FiltraTests;
			productReference = EBC4E730191F25D50043E95D /* FiltraTests.xctest */;
			productType = "com.apple.product-type.bundle.unit-test";
		};
/* End PBXNativeTarget section */

/* Begin PBXProject section */
		EBC4E70D191F25D40043E95D /* Project object */ = {
			isa = PBXProject;
			attributes = {
				CLASSPREFIX = FLTR;
				LastUpgradeCheck = 0510;
				ORGANIZATIONNAME = "José María Signanini";
				TargetAttributes = {
					EBC4E72F191F25D50043E95D = {
						TestTargetID = EBC4E714191F25D40043E95D;
					};
				};
			};
			buildConfigurationList = EBC4E710191F25D40043E95D /* Build configuration list for PBXProject "Filtra" */;
			compatibilityVersion = "Xcode 3.2";
			developmentRegion = English;
			hasScannedForEncodings = 0;
			knownRegions = (
				en,
			);
			mainGroup = EBC4E70C191F25D40043E95D;
			productRefGroup = EBC4E716191F25D40043E95D /* Products */;
			projectDirPath = "";
			projectRoot = "";
			targets = (
				EBC4E714191F25D40043E95D /* Filtra */,
				EBC4E72F191F25D50043E95D /* FiltraTests */,
			);
		};
/* End PBXProject section */

/* Begin PBXResourcesBuildPhase section */
		EBC4E713191F25D40043E95D /* Resources */ = {
			isa = PBXResourcesBuildPhase;
			buildActionMask = 2147483647;
			files = (
				EBC4E756191F26620043E95D /* forward@2x.png in Resources */,
				EBC4E757191F26620043E95D /* reload.png in Resources */,
				EBC4E755191F26620043E95D /* forward.png in Resources */,
				EBC4E723191F25D40043E95D /* InfoPlist.strings in Resources */,
				EBC4E752191F26620043E95D /* back@2x.png in Resources */,
				EBC4E760191F26DC0043E95D /* Main.storyboard in Resources */,
				EBC4E758191F26620043E95D /* reload@2x.png in Resources */,
				EB81E0A6197F58FD00AFFB4B /* newtab.html in Resources */,
				EBC4E72B191F25D40043E95D /* Images.xcassets in Resources */,
				EBC4E753191F26620043E95D /* cancel.png in Resources */,
				EBC4E754191F26620043E95D /* cancel@2x.png in Resources */,
				EBC4E751191F26620043E95D /* back.png in Resources */,
			);
			runOnlyForDeploymentPostprocessing = 0;
		};
		EBC4E72E191F25D50043E95D /* Resources */ = {
			isa = PBXResourcesBuildPhase;
			buildActionMask = 2147483647;
			files = (
				EBC4E73C191F25D50043E95D /* InfoPlist.strings in Resources */,
			);
			runOnlyForDeploymentPostprocessing = 0;
		};
/* End PBXResourcesBuildPhase section */

/* Begin PBXSourcesBuildPhase section */
		EBC4E711191F25D40043E95D /* Sources */ = {
			isa = PBXSourcesBuildPhase;
			buildActionMask = 2147483647;
			files = (
				EBC4E729191F25D40043E95D /* FLTRAppDelegate.m in Sources */,
				EB81E09D197DEFED00AFFB4B /* FLTRTabCell.m in Sources */,
				EB81E0A0197DF53F00AFFB4B /* FLTRTabsCollection.m in Sources */,
				EB81E0A3197DF56600AFFB4B /* FLTRTab.m in Sources */,
				EB81E09A197DEF9700AFFB4B /* FLTRTabsViewController.m in Sources */,
				EBC4E725191F25D40043E95D /* main.m in Sources */,
				EBC4E763191F26FB0043E95D /* FLTRViewController.m in Sources */,
				EBC4E75E191F26C00043E95D /* FLTRRequestListener.m in Sources */,
			);
			runOnlyForDeploymentPostprocessing = 0;
		};
		EBC4E72C191F25D50043E95D /* Sources */ = {
			isa = PBXSourcesBuildPhase;
			buildActionMask = 2147483647;
			files = (
				EBC4E73E191F25D50043E95D /* FiltraTests.m in Sources */,
			);
			runOnlyForDeploymentPostprocessing = 0;
		};
/* End PBXSourcesBuildPhase section */

/* Begin PBXTargetDependency section */
		EBC4E736191F25D50043E95D /* PBXTargetDependency */ = {
			isa = PBXTargetDependency;
			target = EBC4E714191F25D40043E95D /* Filtra */;
			targetProxy = EBC4E735191F25D50043E95D /* PBXContainerItemProxy */;
		};
/* End PBXTargetDependency section */

/* Begin PBXVariantGroup section */
		EBC4E721191F25D40043E95D /* InfoPlist.strings */ = {
			isa = PBXVariantGroup;
			children = (
				EBC4E722191F25D40043E95D /* en */,
			);
			name = InfoPlist.strings;
			sourceTree = "<group>";
		};
		EBC4E73A191F25D50043E95D /* InfoPlist.strings */ = {
			isa = PBXVariantGroup;
			children = (
				EBC4E73B191F25D50043E95D /* en */,
			);
			name = InfoPlist.strings;
			sourceTree = "<group>";
		};
/* End PBXVariantGroup section */

/* Begin XCBuildConfiguration section */
		EBC4E73F191F25D50043E95D /* Debug */ = {
			isa = XCBuildConfiguration;
			buildSettings = {
				ALWAYS_SEARCH_USER_PATHS = NO;
				CLANG_CXX_LANGUAGE_STANDARD = "gnu++0x";
				CLANG_CXX_LIBRARY = "libc++";
				CLANG_ENABLE_MODULES = YES;
				CLANG_ENABLE_OBJC_ARC = YES;
				CLANG_WARN_BOOL_CONVERSION = YES;
				CLANG_WARN_CONSTANT_CONVERSION = YES;
				CLANG_WARN_DIRECT_OBJC_ISA_USAGE = YES_ERROR;
				CLANG_WARN_EMPTY_BODY = YES;
				CLANG_WARN_ENUM_CONVERSION = YES;
				CLANG_WARN_INT_CONVERSION = YES;
				CLANG_WARN_OBJC_ROOT_CLASS = YES_ERROR;
				CLANG_WARN__DUPLICATE_METHOD_MATCH = YES;
				"CODE_SIGN_IDENTITY[sdk=iphoneos*]" = "iPhone Developer";
				COPY_PHASE_STRIP = NO;
				GCC_C_LANGUAGE_STANDARD = gnu99;
				GCC_DYNAMIC_NO_PIC = NO;
				GCC_OPTIMIZATION_LEVEL = 0;
				GCC_PREPROCESSOR_DEFINITIONS = (
					"DEBUG=1",
					"$(inherited)",
				);
				GCC_SYMBOLS_PRIVATE_EXTERN = NO;
				GCC_WARN_64_TO_32_BIT_CONVERSION = YES;
				GCC_WARN_ABOUT_RETURN_TYPE = YES_ERROR;
				GCC_WARN_UNDECLARED_SELECTOR = YES;
				GCC_WARN_UNINITIALIZED_AUTOS = YES_AGGRESSIVE;
				GCC_WARN_UNUSED_FUNCTION = YES;
				GCC_WARN_UNUSED_VARIABLE = YES;
				IPHONEOS_DEPLOYMENT_TARGET = 7.1;
				ONLY_ACTIVE_ARCH = YES;
				SDKROOT = iphoneos;
			};
			name = Debug;
		};
		EBC4E740191F25D50043E95D /* Release */ = {
			isa = XCBuildConfiguration;
			buildSettings = {
				ALWAYS_SEARCH_USER_PATHS = NO;
				CLANG_CXX_LANGUAGE_STANDARD = "gnu++0x";
				CLANG_CXX_LIBRARY = "libc++";
				CLANG_ENABLE_MODULES = YES;
				CLANG_ENABLE_OBJC_ARC = YES;
				CLANG_WARN_BOOL_CONVERSION = YES;
				CLANG_WARN_CONSTANT_CONVERSION = YES;
				CLANG_WARN_DIRECT_OBJC_ISA_USAGE = YES_ERROR;
				CLANG_WARN_EMPTY_BODY = YES;
				CLANG_WARN_ENUM_CONVERSION = YES;
				CLANG_WARN_INT_CONVERSION = YES;
				CLANG_WARN_OBJC_ROOT_CLASS = YES_ERROR;
				CLANG_WARN__DUPLICATE_METHOD_MATCH = YES;
				"CODE_SIGN_IDENTITY[sdk=iphoneos*]" = "iPhone Developer";
				COPY_PHASE_STRIP = YES;
				ENABLE_NS_ASSERTIONS = NO;
				GCC_C_LANGUAGE_STANDARD = gnu99;
				GCC_WARN_64_TO_32_BIT_CONVERSION = YES;
				GCC_WARN_ABOUT_RETURN_TYPE = YES_ERROR;
				GCC_WARN_UNDECLARED_SELECTOR = YES;
				GCC_WARN_UNINITIALIZED_AUTOS = YES_AGGRESSIVE;
				GCC_WARN_UNUSED_FUNCTION = YES;
				GCC_WARN_UNUSED_VARIABLE = YES;
				IPHONEOS_DEPLOYMENT_TARGET = 7.1;
				SDKROOT = iphoneos;
				VALIDATE_PRODUCT = YES;
			};
			name = Release;
		};
		EBC4E742191F25D50043E95D /* Debug */ = {
			isa = XCBuildConfiguration;
			buildSettings = {
				ASSETCATALOG_COMPILER_APPICON_NAME = AppIcon;
				ASSETCATALOG_COMPILER_LAUNCHIMAGE_NAME = LaunchImage;
				GCC_PRECOMPILE_PREFIX_HEADER = YES;
				GCC_PREFIX_HEADER = "Filtra/Filtra-Prefix.pch";
				INFOPLIST_FILE = "Filtra/Filtra-Info.plist";
				IPHONEOS_DEPLOYMENT_TARGET = 7.0;
				PRODUCT_NAME = "$(TARGET_NAME)";
				WRAPPER_EXTENSION = app;
			};
			name = Debug;
		};
		EBC4E743191F25D50043E95D /* Release */ = {
			isa = XCBuildConfiguration;
			buildSettings = {
				ASSETCATALOG_COMPILER_APPICON_NAME = AppIcon;
				ASSETCATALOG_COMPILER_LAUNCHIMAGE_NAME = LaunchImage;
				GCC_PRECOMPILE_PREFIX_HEADER = YES;
				GCC_PREFIX_HEADER = "Filtra/Filtra-Prefix.pch";
				INFOPLIST_FILE = "Filtra/Filtra-Info.plist";
				IPHONEOS_DEPLOYMENT_TARGET = 7.0;
				PRODUCT_NAME = "$(TARGET_NAME)";
				WRAPPER_EXTENSION = app;
			};
			name = Release;
		};
		EBC4E745191F25D50043E95D /* Debug */ = {
			isa = XCBuildConfiguration;
			buildSettings = {
				BUNDLE_LOADER = "$(BUILT_PRODUCTS_DIR)/Filtra.app/Filtra";
				FRAMEWORK_SEARCH_PATHS = (
					"$(SDKROOT)/Developer/Library/Frameworks",
					"$(inherited)",
					"$(DEVELOPER_FRAMEWORKS_DIR)",
				);
				GCC_PRECOMPILE_PREFIX_HEADER = YES;
				GCC_PREFIX_HEADER = "Filtra/Filtra-Prefix.pch";
				GCC_PREPROCESSOR_DEFINITIONS = (
					"DEBUG=1",
					"$(inherited)",
				);
				INFOPLIST_FILE = "FiltraTests/FiltraTests-Info.plist";
				PRODUCT_NAME = "$(TARGET_NAME)";
				TEST_HOST = "$(BUNDLE_LOADER)";
				WRAPPER_EXTENSION = xctest;
			};
			name = Debug;
		};
		EBC4E746191F25D50043E95D /* Release */ = {
			isa = XCBuildConfiguration;
			buildSettings = {
				BUNDLE_LOADER = "$(BUILT_PRODUCTS_DIR)/Filtra.app/Filtra";
				FRAMEWORK_SEARCH_PATHS = (
					"$(SDKROOT)/Developer/Library/Frameworks",
					"$(inherited)",
					"$(DEVELOPER_FRAMEWORKS_DIR)",
				);
				GCC_PRECOMPILE_PREFIX_HEADER = YES;
				GCC_PREFIX_HEADER = "Filtra/Filtra-Prefix.pch";
				INFOPLIST_FILE = "FiltraTests/FiltraTests-Info.plist";
				PRODUCT_NAME = "$(TARGET_NAME)";
				TEST_HOST = "$(BUNDLE_LOADER)";
				WRAPPER_EXTENSION = xctest;
			};
			name = Release;
		};
/* End XCBuildConfiguration section */

/* Begin XCConfigurationList section */
		EBC4E710191F25D40043E95D /* Build configuration list for PBXProject "Filtra" */ = {
			isa = XCConfigurationList;
			buildConfigurations = (
				EBC4E73F191F25D50043E95D /* Debug */,
				EBC4E740191F25D50043E95D /* Release */,
			);
			defaultConfigurationIsVisible = 0;
			defaultConfigurationName = Release;
		};
		EBC4E741191F25D50043E95D /* Build configuration list for PBXNativeTarget "Filtra" */ = {
			isa = XCConfigurationList;
			buildConfigurations = (
				EBC4E742191F25D50043E95D /* Debug */,
				EBC4E743191F25D50043E95D /* Release */,
			);
			defaultConfigurationIsVisible = 0;
			defaultConfigurationName = Release;
		};
		EBC4E744191F25D50043E95D /* Build configuration list for PBXNativeTarget "FiltraTests" */ = {
			isa = XCConfigurationList;
			buildConfigurations = (
				EBC4E745191F25D50043E95D /* Debug */,
				EBC4E746191F25D50043E95D /* Release */,
			);
			defaultConfigurationIsVisible = 0;
			defaultConfigurationName = Release;
		};
/* End XCConfigurationList section */
	};
	rootObject = EBC4E70D191F25D40043E95D /* Project object */;
}
